
Microsoft Visual Studio Solution File, Format Version 12.00
# Visual Studio 15
VisualStudioVersion = 15.0.28010.2046
MinimumVisualStudioVersion = 10.0.40219.1
Project("{FAE04EC0-301F-11D3-BF4B-00C04F79EFBC}") = "TextEditor", "TextEditor\TextEditor.csproj", "{08F11013-98B5-43E5-92C9-C73C6D60FCFD}"
	ProjectSection(ProjectDependencies) = postProject
		{30D56964-FE14-46E9-839F-009C15F7E975} = {30D56964-FE14-46E9-839F-009C15F7E975}
	EndProjectSection
EndProject
Project("{FAE04EC0-301F-11D3-BF4B-00C04F79EFBC}") = "DBModels", "DBModels\DBModels.csproj", "{7B6EA05A-8D03-446A-AFD7-F16A09A67EA6}"
EndProject
Project("{FAE04EC0-301F-11D3-BF4B-00C04F79EFBC}") = "DBAdapter", "DBAdapter\DBAdapter.csproj", "{56D61E70-2B7B-4BA8-A233-EA7DD139282F}"
EndProject
Project("{FAE04EC0-301F-11D3-BF4B-00C04F79EFBC}") = "TextEditorWCFService", "TextEditorWCFService\TextEditorWCFService.csproj", "{30D56964-FE14-46E9-839F-009C15F7E975}"
EndProject
Global
	GlobalSection(SolutionConfigurationPlatforms) = preSolution
		Debug|Any CPU = Debug|Any CPU
		Release|Any CPU = Release|Any CPU
	EndGlobalSection
	GlobalSection(ProjectConfigurationPlatforms) = postSolution
		{08F11013-98B5-43E5-92C9-C73C6D60FCFD}.Debug|Any CPU.ActiveCfg = Debug|Any CPU
		{08F11013-98B5-43E5-92C9-C73C6D60FCFD}.Debug|Any CPU.Build.0 = Debug|Any CPU
		{08F11013-98B5-43E5-92C9-C73C6D60FCFD}.Release|Any CPU.ActiveCfg = Release|Any CPU
		{08F11013-98B5-43E5-92C9-C73C6D60FCFD}.Release|Any CPU.Build.0 = Release|Any CPU
		{7B6EA05A-8D03-446A-AFD7-F16A09A67EA6}.Debug|Any CPU.ActiveCfg = Debug|Any CPU
		{7B6EA05A-8D03-446A-AFD7-F16A09A67EA6}.Debug|Any CPU.Build.0 = Debug|Any CPU
		{7B6EA05A-8D03-446A-AFD7-F16A09A67EA6}.Release|Any CPU.ActiveCfg = Release|Any CPU
		{7B6EA05A-8D03-446A-AFD7-F16A09A67EA6}.Release|Any CPU.Build.0 = Release|Any CPU
		{56D61E70-2B7B-4BA8-A233-EA7DD139282F}.Debug|Any CPU.ActiveCfg = Debug|Any CPU
		{56D61E70-2B7B-4BA8-A233-EA7DD139282F}.Debug|Any CPU.Build.0 = Debug|Any CPU
		{56D61E70-2B7B-4BA8-A233-EA7DD139282F}.Release|Any CPU.ActiveCfg = Release|Any CPU
		{56D61E70-2B7B-4BA8-A233-EA7DD139282F}.Release|Any CPU.Build.0 = Release|Any CPU
		{30D56964-FE14-46E9-839F-009C15F7E975}.Debug|Any CPU.ActiveCfg = Debug|Any CPU
		{30D56964-FE14-46E9-839F-009C15F7E975}.Debug|Any CPU.Build.0 = Debug|Any CPU
		{30D56964-FE14-46E9-839F-009C15F7E975}.Release|Any CPU.ActiveCfg = Release|Any CPU
		{30D56964-FE14-46E9-839F-009C15F7E975}.Release|Any CPU.Build.0 = Release|Any CPU
	EndGlobalSection
	GlobalSection(SolutionProperties) = preSolution
		HideSolutionNode = FALSE
	EndGlobalSection
	GlobalSection(ExtensibilityGlobals) = postSolution
		SolutionGuid = {B6B6B087-EB43-4D7E-A0AF-C6F7702E32C6}
	EndGlobalSection
EndGlobal
